
Microsoft Visual Studio Solution File, Format Version 12.00
# Visual Studio Version 16
VisualStudioVersion = 16.0.29020.237
MinimumVisualStudioVersion = 10.0.40219.1
Project("{FAE04EC0-301F-11D3-BF4B-00C04F79EFBC}") = "AdsDistribution", "AdsDistribution.csproj", "{F5AA9F7A-0D3B-4696-9134-1AEDF3E0BD21}"
EndProject
Global
	GlobalSection(SolutionConfigurationPlatforms) = preSolution
		Debug|Any CPU = Debug|Any CPU
		Release|Any CPU = Release|Any CPU
	EndGlobalSection
	GlobalSection(ProjectConfigurationPlatforms) = postSolution
		{F5AA9F7A-0D3B-4696-9134-1AEDF3E0BD21}.Debug|Any CPU.ActiveCfg = Debug|Any CPU
		{F5AA9F7A-0D3B-4696-9134-1AEDF3E0BD21}.Debug|Any CPU.Build.0 = Debug|Any CPU
		{F5AA9F7A-0D3B-4696-9134-1AEDF3E0BD21}.Release|Any CPU.ActiveCfg = Release|Any CPU
		{F5AA9F7A-0D3B-4696-9134-1AEDF3E0BD21}.Release|Any CPU.Build.0 = Release|Any CPU
	EndGlobalSection
	GlobalSection(SolutionProperties) = preSolution
		HideSolutionNode = FALSE
	EndGlobalSection
	GlobalSection(ExtensibilityGlobals) = postSolution
		SolutionGuid = {315F492E-A089-43BC-ABEA-85BBA921ABA8}
	EndGlobalSection
EndGlobal
